# This file was autogenerated by Stack.
# You should not edit this file by hand.
# For more information, please see the documentation at:
#   https://docs.haskellstack.org/en/stable/lock_files

packages:
- completed:
    hackage: daemons-0.3.0@sha256:356edaf06a8cf5e9f19685f9ce793ad6d2b6bce2e55379f6b2aff1b0c07a633f,3178
    pantry-tree:
      sha256: 26b1a5279be340c896edbc72baa6d95b071384b9bf7e19cd146025cf13d21769
      size: 918
  original:
    hackage: daemons-0.3.0@sha256:356edaf06a8cf5e9f19685f9ce793ad6d2b6bce2e55379f6b2aff1b0c07a633f,3178
- completed:
    hackage: servant-lucid-0.9.0.5@sha256:c46780eefc12544b862af1dd7c7f88715e5fb45d954da538b0641d42c7b5f5c6,1787
    pantry-tree:
      sha256: 7d529522482f4f83a62430a0fe245afc6272a5b9a63f2581388ac602654806c0
      size: 392
  original:
    hackage: servant-lucid-0.9.0.5@sha256:c46780eefc12544b862af1dd7c7f88715e5fb45d954da538b0641d42c7b5f5c6,1787
- completed:
    hackage: servant-static-th-1.0.0.0@sha256:7dc46a426d8c78ee0386729159e8bbc18ff98e0dd700a2c723c87901b204fa6c,3883
    pantry-tree:
      sha256: 13269fcc1c871ee1548d31010f0278484318bffbd9b8e0c0bfdfab4e27d6c3d5
      size: 1493
  original:
    hackage: servant-static-th-1.0.0.0@sha256:7dc46a426d8c78ee0386729159e8bbc18ff98e0dd700a2c723c87901b204fa6c,3883
- completed:
    hackage: timing-convenience-0.1@sha256:7ff807a9a9e5596f2b18d45c5a01aefb91d4a98f6a1008d183b5c550f68f7cb7,2092
    pantry-tree:
      sha256: fbcb00f5b8a4f7b8fd94b034b7f507ffdd7579848de782ce60ad2b661dcb2b42
      size: 469
  original:
    hackage: timing-convenience-0.1@sha256:7ff807a9a9e5596f2b18d45c5a01aefb91d4a98f6a1008d183b5c550f68f7cb7,2092
snapshots:
- completed:
    sha256: 428ec8d5ce932190d3cbe266b9eb3c175cd81e984babf876b64019e2cbe4ea68
    size: 590100
    url: https://raw.githubusercontent.com/commercialhaskell/stackage-snapshots/master/lts/18/28.yaml
  original: lts-18.28
