# This file was autogenerated by Stack.
# You should not edit this file by hand.
# For more information, please see the documentation at:
#   https://docs.haskellstack.org/en/stable/lock_files

packages:
- completed:
    hackage: daemons-0.3.0@sha256:356edaf06a8cf5e9f19685f9ce793ad6d2b6bce2e55379f6b2aff1b0c07a633f,3178
    pantry-tree:
      sha256: 26b1a5279be340c896edbc72baa6d95b071384b9bf7e19cd146025cf13d21769
      size: 918
  original:
    hackage: daemons-0.3.0@sha256:356edaf06a8cf5e9f19685f9ce793ad6d2b6bce2e55379f6b2aff1b0c07a633f,3178
- completed:
    hackage: timing-convenience-0.1@sha256:7ff807a9a9e5596f2b18d45c5a01aefb91d4a98f6a1008d183b5c550f68f7cb7,2092
    pantry-tree:
      sha256: fbcb00f5b8a4f7b8fd94b034b7f507ffdd7579848de782ce60ad2b661dcb2b42
      size: 469
  original:
    hackage: timing-convenience-0.1@sha256:7ff807a9a9e5596f2b18d45c5a01aefb91d4a98f6a1008d183b5c550f68f7cb7,2092
snapshots:
- completed:
    sha256: d3ba2e94c3ccbd3da4949243c83b59667c5eb9ffc7646148661c16741bbad1d4
    size: 643623
    url: https://raw.githubusercontent.com/commercialhaskell/stackage-snapshots/master/nightly/2022/10/11.yaml
  original: nightly-2022-10-11
